
Microsoft Visual Studio Solution File, Format Version 12.00
Project("{FAE04EC0-301F-11D3-BF4B-00C04F79EFBC}") = "RogueLIKE", "RogueLIKE\RogueLIKE.csproj", "{EC240D97-D877-45C7-B5CC-835EC9887B1D}"
EndProject
Global
	GlobalSection(SolutionConfigurationPlatforms) = preSolution
		Debug|Any CPU = Debug|Any CPU
		Release|Any CPU = Release|Any CPU
	EndGlobalSection
	GlobalSection(ProjectConfigurationPlatforms) = postSolution
		{EC240D97-D877-45C7-B5CC-835EC9887B1D}.Debug|Any CPU.ActiveCfg = Debug|Any CPU
		{EC240D97-D877-45C7-B5CC-835EC9887B1D}.Debug|Any CPU.Build.0 = Debug|Any CPU
		{EC240D97-D877-45C7-B5CC-835EC9887B1D}.Release|Any CPU.ActiveCfg = Release|Any CPU
		{EC240D97-D877-45C7-B5CC-835EC9887B1D}.Release|Any CPU.Build.0 = Release|Any CPU
	EndGlobalSection
EndGlobal
