
Microsoft Visual Studio Solution File, Format Version 12.00
# Visual Studio Version 17
VisualStudioVersion = 17.1.32228.430
MinimumVisualStudioVersion = 10.0.40219.1
Project("{888888A0-9F3D-457C-B088-3A5042F75D52}") = "PythonApplication3", "PythonApplication3.pyproj", "{86A48568-3D1D-4CBF-8DB3-8FE6C406E4F3}"
EndProject
Global
	GlobalSection(SolutionConfigurationPlatforms) = preSolution
		Debug|Any CPU = Debug|Any CPU
		Release|Any CPU = Release|Any CPU
	EndGlobalSection
	GlobalSection(ProjectConfigurationPlatforms) = postSolution
		{86A48568-3D1D-4CBF-8DB3-8FE6C406E4F3}.Debug|Any CPU.ActiveCfg = Debug|Any CPU
		{86A48568-3D1D-4CBF-8DB3-8FE6C406E4F3}.Release|Any CPU.ActiveCfg = Release|Any CPU
	EndGlobalSection
	GlobalSection(SolutionProperties) = preSolution
		HideSolutionNode = FALSE
	EndGlobalSection
	GlobalSection(ExtensibilityGlobals) = postSolution
		SolutionGuid = {E180E30D-9B44-41F1-9ED1-C7A07A8BD4B2}
	EndGlobalSection
EndGlobal
